// !$*UTF8*$!
{
	archiveVersion = 1;
	classes = {
	};
	objectVersion = 51;
	objects = {

/* Begin PBXBuildFile section */
		60939624246BC213000E9977 /* AppDelegate.m in Sources */ = {isa = PBXBuildFile; fileRef = 60939623246BC213000E9977 /* AppDelegate.m */; };
		60939627246BC213000E9977 /* SceneDelegate.m in Sources */ = {isa = PBXBuildFile; fileRef = 60939626246BC213000E9977 /* SceneDelegate.m */; };
		6093962A246BC213000E9977 /* ViewController.m in Sources */ = {isa = PBXBuildFile; fileRef = 60939629246BC213000E9977 /* ViewController.m */; };
		6093962D246BC213000E9977 /* Main.storyboard in Resources */ = {isa = PBXBuildFile; fileRef = 6093962B246BC213000E9977 /* Main.storyboard */; };
		6093962F246BC216000E9977 /* Assets.xcassets in Resources */ = {isa = PBXBuildFile; fileRef = 6093962E246BC216000E9977 /* Assets.xcassets */; };
		60939632246BC216000E9977 /* LaunchScreen.storyboard in Resources */ = {isa = PBXBuildFile; fileRef = 60939630246BC216000E9977 /* LaunchScreen.storyboard */; };
		60939635246BC216000E9977 /* main.m in Sources */ = {isa = PBXBuildFile; fileRef = 60939634246BC216000E9977 /* main.m */; };
		60939642246BC406000E9977 /* Target_AModule.m in Sources */ = {isa = PBXBuildFile; fileRef = 6093963D246BC406000E9977 /* Target_AModule.m */; };
		60939643246BC406000E9977 /* CTMediator+AModule.m in Sources */ = {isa = PBXBuildFile; fileRef = 60939640246BC406000E9977 /* CTMediator+AModule.m */; };
		6093971F246BEA30000E9977 /* AViewController.m in Sources */ = {isa = PBXBuildFile; fileRef = 6093971E246BEA30000E9977 /* AViewController.m */; };
		60939722246BF45A000E9977 /* A.storyboard in Resources */ = {isa = PBXBuildFile; fileRef = 60939721246BF45A000E9977 /* A.storyboard */; };
		7D5D10F48E2E0E680A39E204 /* Pods_AModule.framework in Frameworks */ = {isa = PBXBuildFile; fileRef = 676954C414DB85D5F2EBDAB4 /* Pods_AModule.framework */; };
/* End PBXBuildFile section */

/* Begin PBXFileReference section */
		3DB8DD01A714A95DDD19057D /* AModule.podspec */ = {isa = PBXFileReference; explicitFileType = text.script.ruby; includeInIndex = 1; name = AModule.podspec; path = ../AModule.podspec; sourceTree = "<group>"; };
		50F9CC6C95EA5FACB55D04D0 /* Pods-AModule.release.xcconfig */ = {isa = PBXFileReference; includeInIndex = 1; lastKnownFileType = text.xcconfig; name = "Pods-AModule.release.xcconfig"; path = "Target Support Files/Pods-AModule/Pods-AModule.release.xcconfig"; sourceTree = "<group>"; };
		6093961F246BC213000E9977 /* AModule.app */ = {isa = PBXFileReference; explicitFileType = wrapper.application; includeInIndex = 0; path = AModule.app; sourceTree = BUILT_PRODUCTS_DIR; };
		60939622246BC213000E9977 /* AppDelegate.h */ = {isa = PBXFileReference; lastKnownFileType = sourcecode.c.h; path = AppDelegate.h; sourceTree = "<group>"; };
		60939623246BC213000E9977 /* AppDelegate.m */ = {isa = PBXFileReference; lastKnownFileType = sourcecode.c.objc; path = AppDelegate.m; sourceTree = "<group>"; };
		60939625246BC213000E9977 /* SceneDelegate.h */ = {isa = PBXFileReference; lastKnownFileType = sourcecode.c.h; path = SceneDelegate.h; sourceTree = "<group>"; };
		60939626246BC213000E9977 /* SceneDelegate.m */ = {isa = PBXFileReference; lastKnownFileType = sourcecode.c.objc; path = SceneDelegate.m; sourceTree = "<group>"; };
		60939628246BC213000E9977 /* ViewController.h */ = {isa = PBXFileReference; lastKnownFileType = sourcecode.c.h; path = ViewController.h; sourceTree = "<group>"; };
		60939629246BC213000E9977 /* ViewController.m */ = {isa = PBXFileReference; lastKnownFileType = sourcecode.c.objc; path = ViewController.m; sourceTree = "<group>"; };
		6093962C246BC213000E9977 /* Base */ = {isa = PBXFileReference; lastKnownFileType = file.storyboard; name = Base; path = Base.lproj/Main.storyboard; sourceTree = "<group>"; };
		6093962E246BC216000E9977 /* Assets.xcassets */ = {isa = PBXFileReference; lastKnownFileType = folder.assetcatalog; path = Assets.xcassets; sourceTree = "<group>"; };
		60939631246BC216000E9977 /* Base */ = {isa = PBXFileReference; lastKnownFileType = file.storyboard; name = Base; path = Base.lproj/LaunchScreen.storyboard; sourceTree = "<group>"; };
		60939633246BC216000E9977 /* Info.plist */ = {isa = PBXFileReference; lastKnownFileType = text.plist.xml; path = Info.plist; sourceTree = "<group>"; };
		60939634246BC216000E9977 /* main.m */ = {isa = PBXFileReference; lastKnownFileType = sourcecode.c.objc; path = main.m; sourceTree = "<group>"; };
		6093963D246BC406000E9977 /* Target_AModule.m */ = {isa = PBXFileReference; fileEncoding = 4; lastKnownFileType = sourcecode.c.objc; path = Target_AModule.m; sourceTree = "<group>"; };
		6093963E246BC406000E9977 /* Target_AModule.h */ = {isa = PBXFileReference; fileEncoding = 4; lastKnownFileType = sourcecode.c.h; path = Target_AModule.h; sourceTree = "<group>"; };
		60939640246BC406000E9977 /* CTMediator+AModule.m */ = {isa = PBXFileReference; fileEncoding = 4; lastKnownFileType = sourcecode.c.objc; path = "CTMediator+AModule.m"; sourceTree = "<group>"; };
		60939641246BC406000E9977 /* CTMediator+AModule.h */ = {isa = PBXFileReference; fileEncoding = 4; lastKnownFileType = sourcecode.c.h; path = "CTMediator+AModule.h"; sourceTree = "<group>"; };
		6093971D246BEA30000E9977 /* AViewController.h */ = {isa = PBXFileReference; fileEncoding = 4; lastKnownFileType = sourcecode.c.h; path = AViewController.h; sourceTree = "<group>"; };
		6093971E246BEA30000E9977 /* AViewController.m */ = {isa = PBXFileReference; fileEncoding = 4; lastKnownFileType = sourcecode.c.objc; path = AViewController.m; sourceTree = "<group>"; };
		60939721246BF45A000E9977 /* A.storyboard */ = {isa = PBXFileReference; fileEncoding = 4; lastKnownFileType = file.storyboard; path = A.storyboard; sourceTree = "<group>"; };
		676954C414DB85D5F2EBDAB4 /* Pods_AModule.framework */ = {isa = PBXFileReference; explicitFileType = wrapper.framework; includeInIndex = 0; path = Pods_AModule.framework; sourceTree = BUILT_PRODUCTS_DIR; };
		9DFD2ECAA6355C2B58D0F3EC /* Pods-AModule.debug.xcconfig */ = {isa = PBXFileReference; includeInIndex = 1; lastKnownFileType = text.xcconfig; name = "Pods-AModule.debug.xcconfig"; path = "Target Support Files/Pods-AModule/Pods-AModule.debug.xcconfig"; sourceTree = "<group>"; };
		CED9D5947A05D9F9614274FF /* AModule_Extension.podspec */ = {isa = PBXFileReference; explicitFileType = text.script.ruby; includeInIndex = 1; name = AModule_Extension.podspec; path = ../AModule_Extension.podspec; sourceTree = "<group>"; };
/* End PBXFileReference section */

/* Begin PBXFrameworksBuildPhase section */
		6093961C246BC213000E9977 /* Frameworks */ = {
			isa = PBXFrameworksBuildPhase;
			buildActionMask = 2147483647;
			files = (
				7D5D10F48E2E0E680A39E204 /* Pods_AModule.framework in Frameworks */,
			);
			runOnlyForDeploymentPostprocessing = 0;
		};
/* End PBXFrameworksBuildPhase section */

/* Begin PBXGroup section */
		28688DDBE1FF877D5EBCDB4A /* Pods */ = {
			isa = PBXGroup;
			children = (
				9DFD2ECAA6355C2B58D0F3EC /* Pods-AModule.debug.xcconfig */,
				50F9CC6C95EA5FACB55D04D0 /* Pods-AModule.release.xcconfig */,
			);
			path = Pods;
			sourceTree = "<group>";
		};
		59CE0C317C03D12294DD1814 /* Frameworks */ = {
			isa = PBXGroup;
			children = (
				676954C414DB85D5F2EBDAB4 /* Pods_AModule.framework */,
			);
			name = Frameworks;
			sourceTree = "<group>";
		};
		60939616246BC213000E9977 = {
			isa = PBXGroup;
			children = (
				60939621246BC213000E9977 /* AModule */,
				60939620246BC213000E9977 /* Products */,
				28688DDBE1FF877D5EBCDB4A /* Pods */,
				59CE0C317C03D12294DD1814 /* Frameworks */,
			);
			sourceTree = "<group>";
		};
		60939620246BC213000E9977 /* Products */ = {
			isa = PBXGroup;
			children = (
				6093961F246BC213000E9977 /* AModule.app */,
			);
			name = Products;
			sourceTree = "<group>";
		};
		60939621246BC213000E9977 /* AModule */ = {
			isa = PBXGroup;
			children = (
				6093963B246BC406000E9977 /* AModule */,
				6093963F246BC406000E9977 /* AModule_Category */,
				60939622246BC213000E9977 /* AppDelegate.h */,
				60939623246BC213000E9977 /* AppDelegate.m */,
				60939625246BC213000E9977 /* SceneDelegate.h */,
				60939626246BC213000E9977 /* SceneDelegate.m */,
				60939628246BC213000E9977 /* ViewController.h */,
				60939629246BC213000E9977 /* ViewController.m */,
				6093962B246BC213000E9977 /* Main.storyboard */,
				6093962E246BC216000E9977 /* Assets.xcassets */,
				60939630246BC216000E9977 /* LaunchScreen.storyboard */,
				60939720246BF45A000E9977 /* Assets */,
				60939633246BC216000E9977 /* Info.plist */,
				60939634246BC216000E9977 /* main.m */,
				CED9D5947A05D9F9614274FF /* AModule_Extension.podspec */,
				3DB8DD01A714A95DDD19057D /* AModule.podspec */,
			);
			path = AModule;
			sourceTree = "<group>";
		};
		6093963B246BC406000E9977 /* AModule */ = {
			isa = PBXGroup;
			children = (
				6093971D246BEA30000E9977 /* AViewController.h */,
				6093971E246BEA30000E9977 /* AViewController.m */,
				6093963C246BC406000E9977 /* Target */,
			);
			path = AModule;
			sourceTree = "<group>";
		};
		6093963C246BC406000E9977 /* Target */ = {
			isa = PBXGroup;
			children = (
				6093963D246BC406000E9977 /* Target_AModule.m */,
				6093963E246BC406000E9977 /* Target_AModule.h */,
			);
			path = Target;
			sourceTree = "<group>";
		};
		6093963F246BC406000E9977 /* AModule_Category */ = {
			isa = PBXGroup;
			children = (
				60939640246BC406000E9977 /* CTMediator+AModule.m */,
				60939641246BC406000E9977 /* CTMediator+AModule.h */,
			);
			path = AModule_Category;
			sourceTree = "<group>";
		};
		60939720246BF45A000E9977 /* Assets */ = {
			isa = PBXGroup;
			children = (
				60939721246BF45A000E9977 /* A.storyboard */,
			);
			name = Assets;
			path = AModule/Assets;
			sourceTree = "<group>";
		};
/* End PBXGroup section */

/* Begin PBXNativeTarget section */
		6093961E246BC213000E9977 /* AModule */ = {
			isa = PBXNativeTarget;
			buildConfigurationList = 60939638246BC216000E9977 /* Build configuration list for PBXNativeTarget "AModule" */;
			buildPhases = (
				D27011C2BC980024B2CA5E31 /* [CP] Check Pods Manifest.lock */,
				6093961B246BC213000E9977 /* Sources */,
				6093961C246BC213000E9977 /* Frameworks */,
				6093961D246BC213000E9977 /* Resources */,
				75B3F97A99B5E1DCD0529E6E /* [CP] Embed Pods Frameworks */,
			);
			buildRules = (
			);
			dependencies = (
			);
			name = AModule;
			productName = AModule;
			productReference = 6093961F246BC213000E9977 /* AModule.app */;
			productType = "com.apple.product-type.application";
		};
/* End PBXNativeTarget section */

/* Begin PBXProject section */
		60939617246BC213000E9977 /* Project object */ = {
			isa = PBXProject;
			attributes = {
				LastUpgradeCheck = 1140;
				ORGANIZATIONNAME = panwei;
				TargetAttributes = {
					6093961E246BC213000E9977 = {
						CreatedOnToolsVersion = 11.4.1;
					};
				};
			};
			buildConfigurationList = 6093961A246BC213000E9977 /* Build configuration list for PBXProject "AModule" */;
			compatibilityVersion = "Xcode 9.3";
			developmentRegion = en;
			hasScannedForEncodings = 0;
			knownRegions = (
				en,
				Base,
			);
			mainGroup = 60939616246BC213000E9977;
			productRefGroup = 60939620246BC213000E9977 /* Products */;
			projectDirPath = "";
			projectRoot = "";
			targets = (
				6093961E246BC213000E9977 /* AModule */,
			);
		};
/* End PBXProject section */

/* Begin PBXResourcesBuildPhase section */
		6093961D246BC213000E9977 /* Resources */ = {
			isa = PBXResourcesBuildPhase;
			buildActionMask = 2147483647;
			files = (
				60939722246BF45A000E9977 /* A.storyboard in Resources */,
				60939632246BC216000E9977 /* LaunchScreen.storyboard in Resources */,
				6093962F246BC216000E9977 /* Assets.xcassets in Resources */,
				6093962D246BC213000E9977 /* Main.storyboard in Resources */,
			);
			runOnlyForDeploymentPostprocessing = 0;
		};
/* End PBXResourcesBuildPhase section */

/* Begin PBXShellScriptBuildPhase section */
		75B3F97A99B5E1DCD0529E6E /* [CP] Embed Pods Frameworks */ = {
			isa = PBXShellScriptBuildPhase;
			buildActionMask = 2147483647;
			files = (
			);
			inputFileListPaths = (
				"${PODS_ROOT}/Target Support Files/Pods-AModule/Pods-AModule-frameworks-${CONFIGURATION}-input-files.xcfilelist",
			);
			name = "[CP] Embed Pods Frameworks";
			outputFileListPaths = (
				"${PODS_ROOT}/Target Support Files/Pods-AModule/Pods-AModule-frameworks-${CONFIGURATION}-output-files.xcfilelist",
			);
			runOnlyForDeploymentPostprocessing = 0;
			shellPath = /bin/sh;
			shellScript = "\"${PODS_ROOT}/Target Support Files/Pods-AModule/Pods-AModule-frameworks.sh\"\n";
			showEnvVarsInLog = 0;
		};
		D27011C2BC980024B2CA5E31 /* [CP] Check Pods Manifest.lock */ = {
			isa = PBXShellScriptBuildPhase;
			buildActionMask = 2147483647;
			files = (
			);
			inputFileListPaths = (
			);
			inputPaths = (
				"${PODS_PODFILE_DIR_PATH}/Podfile.lock",
				"${PODS_ROOT}/Manifest.lock",
			);
			name = "[CP] Check Pods Manifest.lock";
			outputFileListPaths = (
			);
			outputPaths = (
				"$(DERIVED_FILE_DIR)/Pods-AModule-checkManifestLockResult.txt",
			);
			runOnlyForDeploymentPostprocessing = 0;
			shellPath = /bin/sh;
			shellScript = "diff \"${PODS_PODFILE_DIR_PATH}/Podfile.lock\" \"${PODS_ROOT}/Manifest.lock\" > /dev/null\nif [ $? != 0 ] ; then\n    # print error to STDERR\n    echo \"error: The sandbox is not in sync with the Podfile.lock. Run 'pod install' or update your CocoaPods installation.\" >&2\n    exit 1\nfi\n# This output is used by Xcode 'outputs' to avoid re-running this script phase.\necho \"SUCCESS\" > \"${SCRIPT_OUTPUT_FILE_0}\"\n";
			showEnvVarsInLog = 0;
		};
/* End PBXShellScriptBuildPhase section */

/* Begin PBXSourcesBuildPhase section */
		6093961B246BC213000E9977 /* Sources */ = {
			isa = PBXSourcesBuildPhase;
			buildActionMask = 2147483647;
			files = (
				6093962A246BC213000E9977 /* ViewController.m in Sources */,
				6093971F246BEA30000E9977 /* AViewController.m in Sources */,
				60939624246BC213000E9977 /* AppDelegate.m in Sources */,
				60939642246BC406000E9977 /* Target_AModule.m in Sources */,
				60939643246BC406000E9977 /* CTMediator+AModule.m in Sources */,
				60939635246BC216000E9977 /* main.m in Sources */,
				60939627246BC213000E9977 /* SceneDelegate.m in Sources */,
			);
			runOnlyForDeploymentPostprocessing = 0;
		};
/* End PBXSourcesBuildPhase section */

/* Begin PBXVariantGroup section */
		6093962B246BC213000E9977 /* Main.storyboard */ = {
			isa = PBXVariantGroup;
			children = (
				6093962C246BC213000E9977 /* Base */,
			);
			name = Main.storyboard;
			sourceTree = "<group>";
		};
		60939630246BC216000E9977 /* LaunchScreen.storyboard */ = {
			isa = PBXVariantGroup;
			children = (
				60939631246BC216000E9977 /* Base */,
			);
			name = LaunchScreen.storyboard;
			sourceTree = "<group>";
		};
/* End PBXVariantGroup section */

/* Begin XCBuildConfiguration section */
		60939636246BC216000E9977 /* Debug */ = {
			isa = XCBuildConfiguration;
			buildSettings = {
				ALWAYS_SEARCH_USER_PATHS = NO;
				CLANG_ANALYZER_NONNULL = YES;
				CLANG_ANALYZER_NUMBER_OBJECT_CONVERSION = YES_AGGRESSIVE;
				CLANG_CXX_LANGUAGE_STANDARD = "gnu++14";
				CLANG_CXX_LIBRARY = "libc++";
				CLANG_ENABLE_MODULES = YES;
				CLANG_ENABLE_OBJC_ARC = YES;
				CLANG_ENABLE_OBJC_WEAK = YES;
				CLANG_WARN_BLOCK_CAPTURE_AUTORELEASING = YES;
				CLANG_WARN_BOOL_CONVERSION = YES;
				CLANG_WARN_COMMA = YES;
				CLANG_WARN_CONSTANT_CONVERSION = YES;
				CLANG_WARN_DEPRECATED_OBJC_IMPLEMENTATIONS = YES;
				CLANG_WARN_DIRECT_OBJC_ISA_USAGE = YES_ERROR;
				CLANG_WARN_DOCUMENTATION_COMMENTS = YES;
				CLANG_WARN_EMPTY_BODY = YES;
				CLANG_WARN_ENUM_CONVERSION = YES;
				CLANG_WARN_INFINITE_RECURSION = YES;
				CLANG_WARN_INT_CONVERSION = YES;
				CLANG_WARN_NON_LITERAL_NULL_CONVERSION = YES;
				CLANG_WARN_OBJC_IMPLICIT_RETAIN_SELF = YES;
				CLANG_WARN_OBJC_LITERAL_CONVERSION = YES;
				CLANG_WARN_OBJC_ROOT_CLASS = YES_ERROR;
				CLANG_WARN_RANGE_LOOP_ANALYSIS = YES;
				CLANG_WARN_STRICT_PROTOTYPES = YES;
				CLANG_WARN_SUSPICIOUS_MOVE = YES;
				CLANG_WARN_UNGUARDED_AVAILABILITY = YES_AGGRESSIVE;
				CLANG_WARN_UNREACHABLE_CODE = YES;
				CLANG_WARN__DUPLICATE_METHOD_MATCH = YES;
				COPY_PHASE_STRIP = NO;
				DEBUG_INFORMATION_FORMAT = dwarf;
				ENABLE_STRICT_OBJC_MSGSEND = YES;
				ENABLE_TESTABILITY = YES;
				GCC_C_LANGUAGE_STANDARD = gnu11;
				GCC_DYNAMIC_NO_PIC = NO;
				GCC_NO_COMMON_BLOCKS = YES;
				GCC_OPTIMIZATION_LEVEL = 0;
				GCC_PREPROCESSOR_DEFINITIONS = (
					"DEBUG=1",
					"$(inherited)",
				);
				GCC_WARN_64_TO_32_BIT_CONVERSION = YES;
				GCC_WARN_ABOUT_RETURN_TYPE = YES_ERROR;
				GCC_WARN_UNDECLARED_SELECTOR = YES;
				GCC_WARN_UNINITIALIZED_AUTOS = YES_AGGRESSIVE;
				GCC_WARN_UNUSED_FUNCTION = YES;
				GCC_WARN_UNUSED_VARIABLE = YES;
				IPHONEOS_DEPLOYMENT_TARGET = 13.4;
				MTL_ENABLE_DEBUG_INFO = INCLUDE_SOURCE;
				MTL_FAST_MATH = YES;
				ONLY_ACTIVE_ARCH = YES;
				SDKROOT = iphoneos;
			};
			name = Debug;
		};
		60939637246BC216000E9977 /* Release */ = {
			isa = XCBuildConfiguration;
			buildSettings = {
				ALWAYS_SEARCH_USER_PATHS = NO;
				CLANG_ANALYZER_NONNULL = YES;
				CLANG_ANALYZER_NUMBER_OBJECT_CONVERSION = YES_AGGRESSIVE;
				CLANG_CXX_LANGUAGE_STANDARD = "gnu++14";
				CLANG_CXX_LIBRARY = "libc++";
				CLANG_ENABLE_MODULES = YES;
				CLANG_ENABLE_OBJC_ARC = YES;
				CLANG_ENABLE_OBJC_WEAK = YES;
				CLANG_WARN_BLOCK_CAPTURE_AUTORELEASING = YES;
				CLANG_WARN_BOOL_CONVERSION = YES;
				CLANG_WARN_COMMA = YES;
				CLANG_WARN_CONSTANT_CONVERSION = YES;
				CLANG_WARN_DEPRECATED_OBJC_IMPLEMENTATIONS = YES;
				CLANG_WARN_DIRECT_OBJC_ISA_USAGE = YES_ERROR;
				CLANG_WARN_DOCUMENTATION_COMMENTS = YES;
				CLANG_WARN_EMPTY_BODY = YES;
				CLANG_WARN_ENUM_CONVERSION = YES;
				CLANG_WARN_INFINITE_RECURSION = YES;
				CLANG_WARN_INT_CONVERSION = YES;
				CLANG_WARN_NON_LITERAL_NULL_CONVERSION = YES;
				CLANG_WARN_OBJC_IMPLICIT_RETAIN_SELF = YES;
				CLANG_WARN_OBJC_LITERAL_CONVERSION = YES;
				CLANG_WARN_OBJC_ROOT_CLASS = YES_ERROR;
				CLANG_WARN_RANGE_LOOP_ANALYSIS = YES;
				CLANG_WARN_STRICT_PROTOTYPES = YES;
				CLANG_WARN_SUSPICIOUS_MOVE = YES;
				CLANG_WARN_UNGUARDED_AVAILABILITY = YES_AGGRESSIVE;
				CLANG_WARN_UNREACHABLE_CODE = YES;
				CLANG_WARN__DUPLICATE_METHOD_MATCH = YES;
				COPY_PHASE_STRIP = NO;
				DEBUG_INFORMATION_FORMAT = "dwarf-with-dsym";
				ENABLE_NS_ASSERTIONS = NO;
				ENABLE_STRICT_OBJC_MSGSEND = YES;
				GCC_C_LANGUAGE_STANDARD = gnu11;
				GCC_NO_COMMON_BLOCKS = YES;
				GCC_WARN_64_TO_32_BIT_CONVERSION = YES;
				GCC_WARN_ABOUT_RETURN_TYPE = YES_ERROR;
				GCC_WARN_UNDECLARED_SELECTOR = YES;
				GCC_WARN_UNINITIALIZED_AUTOS = YES_AGGRESSIVE;
				GCC_WARN_UNUSED_FUNCTION = YES;
				GCC_WARN_UNUSED_VARIABLE = YES;
				IPHONEOS_DEPLOYMENT_TARGET = 13.4;
				MTL_ENABLE_DEBUG_INFO = NO;
				MTL_FAST_MATH = YES;
				SDKROOT = iphoneos;
				VALIDATE_PRODUCT = YES;
			};
			name = Release;
		};
		60939639246BC216000E9977 /* Debug */ = {
			isa = XCBuildConfiguration;
			baseConfigurationReference = 9DFD2ECAA6355C2B58D0F3EC /* Pods-AModule.debug.xcconfig */;
			buildSettings = {
				ASSETCATALOG_COMPILER_APPICON_NAME = AppIcon;
				CODE_SIGN_STYLE = Automatic;
				DEVELOPMENT_TEAM = 9X7C849RMQ;
				INFOPLIST_FILE = AModule/Info.plist;
				LD_RUNPATH_SEARCH_PATHS = (
					"$(inherited)",
					"@executable_path/Frameworks",
				);
				PRODUCT_BUNDLE_IDENTIFIER = huifangkeji.AModule;
				PRODUCT_NAME = "$(TARGET_NAME)";
				TARGETED_DEVICE_FAMILY = "1,2";
			};
			name = Debug;
		};
		6093963A246BC216000E9977 /* Release */ = {
			isa = XCBuildConfiguration;
			baseConfigurationReference = 50F9CC6C95EA5FACB55D04D0 /* Pods-AModule.release.xcconfig */;
			buildSettings = {
				ASSETCATALOG_COMPILER_APPICON_NAME = AppIcon;
				CODE_SIGN_STYLE = Automatic;
				DEVELOPMENT_TEAM = 9X7C849RMQ;
				INFOPLIST_FILE = AModule/Info.plist;
				LD_RUNPATH_SEARCH_PATHS = (
					"$(inherited)",
					"@executable_path/Frameworks",
				);
				PRODUCT_BUNDLE_IDENTIFIER = huifangkeji.AModule;
				PRODUCT_NAME = "$(TARGET_NAME)";
				TARGETED_DEVICE_FAMILY = "1,2";
			};
			name = Release;
		};
/* End XCBuildConfiguration section */

/* Begin XCConfigurationList section */
		6093961A246BC213000E9977 /* Build configuration list for PBXProject "AModule" */ = {
			isa = XCConfigurationList;
			buildConfigurations = (
				60939636246BC216000E9977 /* Debug */,
				60939637246BC216000E9977 /* Release */,
			);
			defaultConfigurationIsVisible = 0;
			defaultConfigurationName = Release;
		};
		60939638246BC216000E9977 /* Build configuration list for PBXNativeTarget "AModule" */ = {
			isa = XCConfigurationList;
			buildConfigurations = (
				60939639246BC216000E9977 /* Debug */,
				6093963A246BC216000E9977 /* Release */,
			);
			defaultConfigurationIsVisible = 0;
			defaultConfigurationName = Release;
		};
/* End XCConfigurationList section */
	};
	rootObject = 60939617246BC213000E9977 /* Project object */;
}
